
Microsoft Visual Studio Solution File, Format Version 12.00
# Visual Studio Version 16
VisualStudioVersion = 16.0.31410.223
MinimumVisualStudioVersion = 10.0.40219.1
Project("{2150E333-8FDC-42A3-9474-1A3956D46DE8}") = "src", "src", "{91E482DE-E1E7-4CE1-9511-C0AF07F3648A}"
EndProject
Project("{2150E333-8FDC-42A3-9474-1A3956D46DE8}") = "test", "test", "{B03B3086-D197-4B32-9AE2-8536C345EA2D}"
EndProject
Project("{2150E333-8FDC-42A3-9474-1A3956D46DE8}") = "sln", "sln", "{0F8E84A5-9520-433A-BFC7-776C300ECC76}"
ProjectSection(SolutionItems) = preProject
	.gitattributes = .gitattributes
	.gitignore = .gitignore
	Build.ps1 = Build.ps1
	LICENSE = LICENSE
	README.md = README.md
	Run.ps1 = Run.ps1
	Directory.Build.props = Directory.Build.props
	Directory.Version.props = Directory.Version.props
	global.json = global.json
EndProjectSection
EndProject
Project("{2150E333-8FDC-42A3-9474-1A3956D46DE8}") = "asset", "asset", "{AC60371C-2888-45BB-9770-2A690DEA80FA}"
ProjectSection(SolutionItems) = preProject
	asset\seq-app-http.png = asset\seq-app-http.png
EndProjectSection
EndProject
Project("{2150E333-8FDC-42A3-9474-1A3956D46DE8}") = ".github", ".github", "{FE94A479-6D28-4D40-955D-C7A1A1121B4D}"
EndProject
Project("{2150E333-8FDC-42A3-9474-1A3956D46DE8}") = "workflows", "workflows", "{F8B58058-AD76-47A1-9936-47790199A424}"
	ProjectSection(SolutionItems) = preProject
		.github\workflows\ci.yml = .github\workflows\ci.yml
	EndProjectSection
EndProject
Project("{FAE04EC0-301F-11D3-BF4B-00C04F79EFBC}") = "Seq.App.Relay.Tests", "test\Seq.App.Relay.Tests\Seq.App.Relay.Tests.csproj", "{5C5D6A12-B8E0-406E-A946-ED163D97315C}"
EndProject
Project("{FAE04EC0-301F-11D3-BF4B-00C04F79EFBC}") = "Seq.App.Relay", "src\Seq.App.Relay\Seq.App.Relay.csproj", "{66D9F4D1-1B5E-4F49-9104-35221DF4FE84}"
EndProject
Global
	GlobalSection(SolutionConfigurationPlatforms) = preSolution
		Debug|Any CPU = Debug|Any CPU
		Release|Any CPU = Release|Any CPU
	EndGlobalSection
	GlobalSection(ProjectConfigurationPlatforms) = postSolution
		{5C5D6A12-B8E0-406E-A946-ED163D97315C}.Debug|Any CPU.ActiveCfg = Debug|Any CPU
		{5C5D6A12-B8E0-406E-A946-ED163D97315C}.Debug|Any CPU.Build.0 = Debug|Any CPU
		{5C5D6A12-B8E0-406E-A946-ED163D97315C}.Release|Any CPU.ActiveCfg = Release|Any CPU
		{5C5D6A12-B8E0-406E-A946-ED163D97315C}.Release|Any CPU.Build.0 = Release|Any CPU
		{66D9F4D1-1B5E-4F49-9104-35221DF4FE84}.Debug|Any CPU.ActiveCfg = Debug|Any CPU
		{66D9F4D1-1B5E-4F49-9104-35221DF4FE84}.Debug|Any CPU.Build.0 = Debug|Any CPU
		{66D9F4D1-1B5E-4F49-9104-35221DF4FE84}.Release|Any CPU.ActiveCfg = Release|Any CPU
		{66D9F4D1-1B5E-4F49-9104-35221DF4FE84}.Release|Any CPU.Build.0 = Release|Any CPU
	EndGlobalSection
	GlobalSection(SolutionProperties) = preSolution
		HideSolutionNode = FALSE
	EndGlobalSection
	GlobalSection(NestedProjects) = preSolution
		{F8B58058-AD76-47A1-9936-47790199A424} = {FE94A479-6D28-4D40-955D-C7A1A1121B4D}
		{5C5D6A12-B8E0-406E-A946-ED163D97315C} = {B03B3086-D197-4B32-9AE2-8536C345EA2D}
		{66D9F4D1-1B5E-4F49-9104-35221DF4FE84} = {91E482DE-E1E7-4CE1-9511-C0AF07F3648A}
	EndGlobalSection
	GlobalSection(ExtensibilityGlobals) = postSolution
		SolutionGuid = {EB6672D6-318E-493E-8B60-77F5A7A90E66}
	EndGlobalSection
EndGlobal
